
Microsoft Visual Studio Solution File, Format Version 10.00
# Visual Studio 2008
Project("{FAE04EC0-301F-11D3-BF4B-00C04F79EFBC}") = "EasyOpt", "EasyOpt\EasyOpt.csproj", "{1280F950-8E15-47B1-BCBF-C226B516375A}"
EndProject
Project("{FAE04EC0-301F-11D3-BF4B-00C04F79EFBC}") = "TestEasyOpt", "TestEasyOpt\TestEasyOpt.csproj", "{03FDCDD4-8FBD-40B3-940C-C776D6CFA0F9}"
EndProject
Project("{2150E333-8FDC-42A3-9474-1A3956D46DE8}") = "Solution Items", "Solution Items", "{86E80D0A-FE5F-4B9A-9563-80713CB0AB95}"
	ProjectSection(SolutionItems) = preProject
		EasyOpt.vsmdi = EasyOpt.vsmdi
		LocalTestRun.testrunconfig = LocalTestRun.testrunconfig
	EndProjectSection
EndProject
Project("{FAE04EC0-301F-11D3-BF4B-00C04F79EFBC}") = "UseCaseTime", "UseCaseTime\UseCaseTime.csproj", "{6F04F7A8-9D4C-4A84-8D8F-4C0C683F58BF}"
EndProject
Project("{FAE04EC0-301F-11D3-BF4B-00C04F79EFBC}") = "UseCaseTouch", "UseCaseTouch\UseCaseTouch.csproj", "{ACF1ADEE-4B4F-4F7F-A366-0BA2493C8838}"
EndProject
Project("{FAE04EC0-301F-11D3-BF4B-00C04F79EFBC}") = "UseCaseLs", "UseCaseLs\UseCaseLs.csproj", "{1F10165E-3B75-4859-9A5F-DEC1B58E82E3}"
EndProject
Project("{2150E333-8FDC-42A3-9474-1A3956D46DE8}") = "Documentation", "Documentation", "{A43A4418-EB89-4F5E-A0E1-2FE9179F8A54}"
	ProjectSection(SolutionItems) = preProject
		documentation\_argument_parsing.html = documentation\_argument_parsing.html
		documentation\_configuring_options.html = documentation\_configuring_options.html
		documentation\_examples.html = documentation\_examples.html
		documentation\_retrieving_values.html = documentation\_retrieving_values.html
		documentation\index.html = documentation\index.html
	EndProjectSection
EndProject
Global
	GlobalSection(SubversionScc) = preSolution
		Svn-Managed = True
		Manager = AnkhSVN - Subversion Support for Visual Studio
	EndGlobalSection
	GlobalSection(TestCaseManagementSettings) = postSolution
		CategoryFile = EasyOpt.vsmdi
	EndGlobalSection
	GlobalSection(SolutionConfigurationPlatforms) = preSolution
		Debug|Any CPU = Debug|Any CPU
		Release|Any CPU = Release|Any CPU
	EndGlobalSection
	GlobalSection(ProjectConfigurationPlatforms) = postSolution
		{1280F950-8E15-47B1-BCBF-C226B516375A}.Debug|Any CPU.ActiveCfg = Debug|Any CPU
		{1280F950-8E15-47B1-BCBF-C226B516375A}.Debug|Any CPU.Build.0 = Debug|Any CPU
		{1280F950-8E15-47B1-BCBF-C226B516375A}.Release|Any CPU.ActiveCfg = Release|Any CPU
		{1280F950-8E15-47B1-BCBF-C226B516375A}.Release|Any CPU.Build.0 = Release|Any CPU
		{03FDCDD4-8FBD-40B3-940C-C776D6CFA0F9}.Debug|Any CPU.ActiveCfg = Debug|Any CPU
		{03FDCDD4-8FBD-40B3-940C-C776D6CFA0F9}.Debug|Any CPU.Build.0 = Debug|Any CPU
		{03FDCDD4-8FBD-40B3-940C-C776D6CFA0F9}.Release|Any CPU.ActiveCfg = Release|Any CPU
		{03FDCDD4-8FBD-40B3-940C-C776D6CFA0F9}.Release|Any CPU.Build.0 = Release|Any CPU
		{6F04F7A8-9D4C-4A84-8D8F-4C0C683F58BF}.Debug|Any CPU.ActiveCfg = Debug|Any CPU
		{6F04F7A8-9D4C-4A84-8D8F-4C0C683F58BF}.Debug|Any CPU.Build.0 = Debug|Any CPU
		{6F04F7A8-9D4C-4A84-8D8F-4C0C683F58BF}.Release|Any CPU.ActiveCfg = Release|Any CPU
		{6F04F7A8-9D4C-4A84-8D8F-4C0C683F58BF}.Release|Any CPU.Build.0 = Release|Any CPU
		{ACF1ADEE-4B4F-4F7F-A366-0BA2493C8838}.Debug|Any CPU.ActiveCfg = Debug|Any CPU
		{ACF1ADEE-4B4F-4F7F-A366-0BA2493C8838}.Debug|Any CPU.Build.0 = Debug|Any CPU
		{ACF1ADEE-4B4F-4F7F-A366-0BA2493C8838}.Release|Any CPU.ActiveCfg = Release|Any CPU
		{ACF1ADEE-4B4F-4F7F-A366-0BA2493C8838}.Release|Any CPU.Build.0 = Release|Any CPU
		{1F10165E-3B75-4859-9A5F-DEC1B58E82E3}.Debug|Any CPU.ActiveCfg = Debug|Any CPU
		{1F10165E-3B75-4859-9A5F-DEC1B58E82E3}.Debug|Any CPU.Build.0 = Debug|Any CPU
		{1F10165E-3B75-4859-9A5F-DEC1B58E82E3}.Release|Any CPU.ActiveCfg = Release|Any CPU
		{1F10165E-3B75-4859-9A5F-DEC1B58E82E3}.Release|Any CPU.Build.0 = Release|Any CPU
	EndGlobalSection
	GlobalSection(SolutionProperties) = preSolution
		HideSolutionNode = FALSE
	EndGlobalSection
EndGlobal
